// !$*UTF8*$!
{
	archiveVersion = 1;
	classes = {
	};
	objectVersion = 46;
	objects = {

/* Begin PBXBuildFile section */
		A11694871F2CB20C000B4062 /* AppDelegate.swift in Sources */ = {isa = PBXBuildFile; fileRef = A11694861F2CB20C000B4062 /* AppDelegate.swift */; };
		A11694891F2CB20C000B4062 /* RoutusMainViewController.swift in Sources */ = {isa = PBXBuildFile; fileRef = A11694881F2CB20C000B4062 /* RoutusMainViewController.swift */; };
		A116948C1F2CB20C000B4062 /* RoutusMain.storyboard in Resources */ = {isa = PBXBuildFile; fileRef = A116948A1F2CB20C000B4062 /* RoutusMain.storyboard */; };
		A116948E1F2CB20C000B4062 /* Assets.xcassets in Resources */ = {isa = PBXBuildFile; fileRef = A116948D1F2CB20C000B4062 /* Assets.xcassets */; };
		A11694911F2CB20C000B4062 /* LaunchScreen.storyboard in Resources */ = {isa = PBXBuildFile; fileRef = A116948F1F2CB20C000B4062 /* LaunchScreen.storyboard */; };
		A116949C1F2CB20C000B4062 /* RoutusTests.swift in Sources */ = {isa = PBXBuildFile; fileRef = A116949B1F2CB20C000B4062 /* RoutusTests.swift */; };
		A11694A71F2CB20C000B4062 /* RoutusUITests.swift in Sources */ = {isa = PBXBuildFile; fileRef = A11694A61F2CB20C000B4062 /* RoutusUITests.swift */; };
		A11694B61F2CB2FB000B4062 /* R.generated.swift in Sources */ = {isa = PBXBuildFile; fileRef = A11694B51F2CB2FB000B4062 /* R.generated.swift */; };
		A11694B91F2CB862000B4062 /* RootRouter.swift in Sources */ = {isa = PBXBuildFile; fileRef = A11694B81F2CB862000B4062 /* RootRouter.swift */; };
		A11694BB1F2CB8B6000B4062 /* RootContract.swift in Sources */ = {isa = PBXBuildFile; fileRef = A11694BA1F2CB8B6000B4062 /* RootContract.swift */; };
		A11694BD1F2CB981000B4062 /* RoutusRouter.swift in Sources */ = {isa = PBXBuildFile; fileRef = A11694BC1F2CB981000B4062 /* RoutusRouter.swift */; };
		A120F8211F309EA2008E9E85 /* RoutusContract.swift in Sources */ = {isa = PBXBuildFile; fileRef = A120F8201F309EA2008E9E85 /* RoutusContract.swift */; };
		A120F82B1F30A8F4008E9E85 /* RoutusPresenter.swift in Sources */ = {isa = PBXBuildFile; fileRef = A120F82A1F30A8F4008E9E85 /* RoutusPresenter.swift */; };
		A120F86A1F30B020008E9E85 /* Datas.swift in Sources */ = {isa = PBXBuildFile; fileRef = A120F8691F30B020008E9E85 /* Datas.swift */; };
		A120F86D1F30B6D3008E9E85 /* RoutusInteractor.swift in Sources */ = {isa = PBXBuildFile; fileRef = A120F86C1F30B6D3008E9E85 /* RoutusInteractor.swift */; };
		F918DF2A3350BD21319E76D6 /* Pods_Routus.framework in Frameworks */ = {isa = PBXBuildFile; fileRef = 1890C438B00EDA326E39D3B0 /* Pods_Routus.framework */; };
/* End PBXBuildFile section */

/* Begin PBXContainerItemProxy section */
		A11694981F2CB20C000B4062 /* PBXContainerItemProxy */ = {
			isa = PBXContainerItemProxy;
			containerPortal = A116947B1F2CB20C000B4062 /* Project object */;
			proxyType = 1;
			remoteGlobalIDString = A11694821F2CB20C000B4062;
			remoteInfo = Routus;
		};
		A11694A31F2CB20C000B4062 /* PBXContainerItemProxy */ = {
			isa = PBXContainerItemProxy;
			containerPortal = A116947B1F2CB20C000B4062 /* Project object */;
			proxyType = 1;
			remoteGlobalIDString = A11694821F2CB20C000B4062;
			remoteInfo = Routus;
		};
/* End PBXContainerItemProxy section */

/* Begin PBXFileReference section */
		1890C438B00EDA326E39D3B0 /* Pods_Routus.framework */ = {isa = PBXFileReference; explicitFileType = wrapper.framework; includeInIndex = 0; path = Pods_Routus.framework; sourceTree = BUILT_PRODUCTS_DIR; };
		1C119CD4453BEDC3D5EC540C /* Pods_RoutusUITests.framework */ = {isa = PBXFileReference; explicitFileType = wrapper.framework; includeInIndex = 0; path = Pods_RoutusUITests.framework; sourceTree = BUILT_PRODUCTS_DIR; };
		3F4B3A0B1F9109268AD79A3D /* Pods-Routus.release.xcconfig */ = {isa = PBXFileReference; includeInIndex = 1; lastKnownFileType = text.xcconfig; name = "Pods-Routus.release.xcconfig"; path = "Pods/Target Support Files/Pods-Routus/Pods-Routus.release.xcconfig"; sourceTree = "<group>"; };
		9020AC994E405EE18880FEB6 /* Pods-Routus.debug.xcconfig */ = {isa = PBXFileReference; includeInIndex = 1; lastKnownFileType = text.xcconfig; name = "Pods-Routus.debug.xcconfig"; path = "Pods/Target Support Files/Pods-Routus/Pods-Routus.debug.xcconfig"; sourceTree = "<group>"; };
		A11694831F2CB20C000B4062 /* Routus.app */ = {isa = PBXFileReference; explicitFileType = wrapper.application; includeInIndex = 0; path = Routus.app; sourceTree = BUILT_PRODUCTS_DIR; };
		A11694861F2CB20C000B4062 /* AppDelegate.swift */ = {isa = PBXFileReference; lastKnownFileType = sourcecode.swift; path = AppDelegate.swift; sourceTree = "<group>"; };
		A11694881F2CB20C000B4062 /* RoutusMainViewController.swift */ = {isa = PBXFileReference; lastKnownFileType = sourcecode.swift; path = RoutusMainViewController.swift; sourceTree = "<group>"; };
		A116948B1F2CB20C000B4062 /* Base */ = {isa = PBXFileReference; lastKnownFileType = file.storyboard; name = Base; path = Base.lproj/RoutusMain.storyboard; sourceTree = "<group>"; };
		A116948D1F2CB20C000B4062 /* Assets.xcassets */ = {isa = PBXFileReference; lastKnownFileType = folder.assetcatalog; path = Assets.xcassets; sourceTree = "<group>"; };
		A11694901F2CB20C000B4062 /* Base */ = {isa = PBXFileReference; lastKnownFileType = file.storyboard; name = Base; path = Base.lproj/LaunchScreen.storyboard; sourceTree = "<group>"; };
		A11694921F2CB20C000B4062 /* Info.plist */ = {isa = PBXFileReference; lastKnownFileType = text.plist.xml; path = Info.plist; sourceTree = "<group>"; };
		A11694971F2CB20C000B4062 /* RoutusTests.xctest */ = {isa = PBXFileReference; explicitFileType = wrapper.cfbundle; includeInIndex = 0; path = RoutusTests.xctest; sourceTree = BUILT_PRODUCTS_DIR; };
		A116949B1F2CB20C000B4062 /* RoutusTests.swift */ = {isa = PBXFileReference; lastKnownFileType = sourcecode.swift; path = RoutusTests.swift; sourceTree = "<group>"; };
		A116949D1F2CB20C000B4062 /* Info.plist */ = {isa = PBXFileReference; lastKnownFileType = text.plist.xml; path = Info.plist; sourceTree = "<group>"; };
		A11694A21F2CB20C000B4062 /* RoutusUITests.xctest */ = {isa = PBXFileReference; explicitFileType = wrapper.cfbundle; includeInIndex = 0; path = RoutusUITests.xctest; sourceTree = BUILT_PRODUCTS_DIR; };
		A11694A61F2CB20C000B4062 /* RoutusUITests.swift */ = {isa = PBXFileReference; lastKnownFileType = sourcecode.swift; path = RoutusUITests.swift; sourceTree = "<group>"; };
		A11694A81F2CB20C000B4062 /* Info.plist */ = {isa = PBXFileReference; lastKnownFileType = text.plist.xml; path = Info.plist; sourceTree = "<group>"; };
		A11694B51F2CB2FB000B4062 /* R.generated.swift */ = {isa = PBXFileReference; fileEncoding = 4; lastKnownFileType = sourcecode.swift; path = R.generated.swift; sourceTree = SOURCE_ROOT; };
		A11694B81F2CB862000B4062 /* RootRouter.swift */ = {isa = PBXFileReference; fileEncoding = 4; lastKnownFileType = sourcecode.swift; path = RootRouter.swift; sourceTree = "<group>"; };
		A11694BA1F2CB8B6000B4062 /* RootContract.swift */ = {isa = PBXFileReference; fileEncoding = 4; lastKnownFileType = sourcecode.swift; path = RootContract.swift; sourceTree = "<group>"; };
		A11694BC1F2CB981000B4062 /* RoutusRouter.swift */ = {isa = PBXFileReference; fileEncoding = 4; lastKnownFileType = sourcecode.swift; path = RoutusRouter.swift; sourceTree = "<group>"; };
		A120F8201F309EA2008E9E85 /* RoutusContract.swift */ = {isa = PBXFileReference; fileEncoding = 4; lastKnownFileType = sourcecode.swift; path = RoutusContract.swift; sourceTree = "<group>"; };
		A120F82A1F30A8F4008E9E85 /* RoutusPresenter.swift */ = {isa = PBXFileReference; fileEncoding = 4; lastKnownFileType = sourcecode.swift; path = RoutusPresenter.swift; sourceTree = "<group>"; };
		A120F8691F30B020008E9E85 /* Datas.swift */ = {isa = PBXFileReference; fileEncoding = 4; lastKnownFileType = sourcecode.swift; path = Datas.swift; sourceTree = "<group>"; };
		A120F86C1F30B6D3008E9E85 /* RoutusInteractor.swift */ = {isa = PBXFileReference; fileEncoding = 4; lastKnownFileType = sourcecode.swift; path = RoutusInteractor.swift; sourceTree = "<group>"; };
		DA4725AB36B346F069099ECC /* Pods_RoutusTests.framework */ = {isa = PBXFileReference; explicitFileType = wrapper.framework; includeInIndex = 0; path = Pods_RoutusTests.framework; sourceTree = BUILT_PRODUCTS_DIR; };
/* End PBXFileReference section */

/* Begin PBXFrameworksBuildPhase section */
		A11694801F2CB20C000B4062 /* Frameworks */ = {
			isa = PBXFrameworksBuildPhase;
			buildActionMask = 2147483647;
			files = (
				F918DF2A3350BD21319E76D6 /* Pods_Routus.framework in Frameworks */,
			);
			runOnlyForDeploymentPostprocessing = 0;
		};
		A11694941F2CB20C000B4062 /* Frameworks */ = {
			isa = PBXFrameworksBuildPhase;
			buildActionMask = 2147483647;
			files = (
			);
			runOnlyForDeploymentPostprocessing = 0;
		};
		A116949F1F2CB20C000B4062 /* Frameworks */ = {
			isa = PBXFrameworksBuildPhase;
			buildActionMask = 2147483647;
			files = (
			);
			runOnlyForDeploymentPostprocessing = 0;
		};
/* End PBXFrameworksBuildPhase section */

/* Begin PBXGroup section */
		6045871463864FE5D841F7C3 /* Pods */ = {
			isa = PBXGroup;
			children = (
				9020AC994E405EE18880FEB6 /* Pods-Routus.debug.xcconfig */,
				3F4B3A0B1F9109268AD79A3D /* Pods-Routus.release.xcconfig */,
			);
			name = Pods;
			sourceTree = "<group>";
		};
		A116947A1F2CB20C000B4062 = {
			isa = PBXGroup;
			children = (
				A11694851F2CB20C000B4062 /* Routus */,
				A116949A1F2CB20C000B4062 /* RoutusTests */,
				A11694A51F2CB20C000B4062 /* RoutusUITests */,
				A11694841F2CB20C000B4062 /* Products */,
				6045871463864FE5D841F7C3 /* Pods */,
				F8C0D931397115461FA205FC /* Frameworks */,
			);
			sourceTree = "<group>";
		};
		A11694841F2CB20C000B4062 /* Products */ = {
			isa = PBXGroup;
			children = (
				A11694831F2CB20C000B4062 /* Routus.app */,
				A11694971F2CB20C000B4062 /* RoutusTests.xctest */,
				A11694A21F2CB20C000B4062 /* RoutusUITests.xctest */,
			);
			name = Products;
			sourceTree = "<group>";
		};
		A11694851F2CB20C000B4062 /* Routus */ = {
			isa = PBXGroup;
			children = (
				A120F8681F30B00B008E9E85 /* Model */,
				A120F81E1F309E3B008E9E85 /* RoutusMain */,
				A11694B71F2CB84B000B4062 /* Root */,
				A11694861F2CB20C000B4062 /* AppDelegate.swift */,
				A11694B51F2CB2FB000B4062 /* R.generated.swift */,
				A116948D1F2CB20C000B4062 /* Assets.xcassets */,
				A116948F1F2CB20C000B4062 /* LaunchScreen.storyboard */,
				A11694921F2CB20C000B4062 /* Info.plist */,
			);
			path = Routus;
			sourceTree = "<group>";
		};
		A116949A1F2CB20C000B4062 /* RoutusTests */ = {
			isa = PBXGroup;
			children = (
				A116949B1F2CB20C000B4062 /* RoutusTests.swift */,
				A116949D1F2CB20C000B4062 /* Info.plist */,
			);
			path = RoutusTests;
			sourceTree = "<group>";
		};
		A11694A51F2CB20C000B4062 /* RoutusUITests */ = {
			isa = PBXGroup;
			children = (
				A11694A61F2CB20C000B4062 /* RoutusUITests.swift */,
				A11694A81F2CB20C000B4062 /* Info.plist */,
			);
			path = RoutusUITests;
			sourceTree = "<group>";
		};
		A11694B71F2CB84B000B4062 /* Root */ = {
			isa = PBXGroup;
			children = (
				A11694B81F2CB862000B4062 /* RootRouter.swift */,
				A11694BA1F2CB8B6000B4062 /* RootContract.swift */,
			);
			name = Root;
			sourceTree = "<group>";
		};
		A11694BE1F2CB989000B4062 /* Router */ = {
			isa = PBXGroup;
			children = (
				A11694BC1F2CB981000B4062 /* RoutusRouter.swift */,
			);
			name = Router;
			sourceTree = "<group>";
		};
		A120F81E1F309E3B008E9E85 /* RoutusMain */ = {
			isa = PBXGroup;
			children = (
				A120F86B1F30B6C5008E9E85 /* Interactor */,
				A120F8291F30A8E0008E9E85 /* Presenter */,
				A120F8281F30A763008E9E85 /* View */,
				A120F81F1F309E77008E9E85 /* Contracts */,
				A11694BE1F2CB989000B4062 /* Router */,
			);
			name = RoutusMain;
			sourceTree = "<group>";
		};
		A120F81F1F309E77008E9E85 /* Contracts */ = {
			isa = PBXGroup;
			children = (
				A120F8201F309EA2008E9E85 /* RoutusContract.swift */,
			);
			name = Contracts;
			sourceTree = "<group>";
		};
		A120F8281F30A763008E9E85 /* View */ = {
			isa = PBXGroup;
			children = (
				A11694881F2CB20C000B4062 /* RoutusMainViewController.swift */,
				A116948A1F2CB20C000B4062 /* RoutusMain.storyboard */,
			);
			name = View;
			sourceTree = "<group>";
		};
		A120F8291F30A8E0008E9E85 /* Presenter */ = {
			isa = PBXGroup;
			children = (
				A120F82A1F30A8F4008E9E85 /* RoutusPresenter.swift */,
			);
			name = Presenter;
			sourceTree = "<group>";
		};
		A120F8681F30B00B008E9E85 /* Model */ = {
			isa = PBXGroup;
			children = (
				A120F8691F30B020008E9E85 /* Datas.swift */,
			);
			name = Model;
			sourceTree = "<group>";
		};
		A120F86B1F30B6C5008E9E85 /* Interactor */ = {
			isa = PBXGroup;
			children = (
				A120F86C1F30B6D3008E9E85 /* RoutusInteractor.swift */,
			);
			name = Interactor;
			sourceTree = "<group>";
		};
		F8C0D931397115461FA205FC /* Frameworks */ = {
			isa = PBXGroup;
			children = (
				1890C438B00EDA326E39D3B0 /* Pods_Routus.framework */,
				DA4725AB36B346F069099ECC /* Pods_RoutusTests.framework */,
				1C119CD4453BEDC3D5EC540C /* Pods_RoutusUITests.framework */,
			);
			name = Frameworks;
			sourceTree = "<group>";
		};
/* End PBXGroup section */

/* Begin PBXNativeTarget section */
		A11694821F2CB20C000B4062 /* Routus */ = {
			isa = PBXNativeTarget;
			buildConfigurationList = A11694AB1F2CB20C000B4062 /* Build configuration list for PBXNativeTarget "Routus" */;
			buildPhases = (
				B4FCC067B66CA1AF51CAE591 /* [CP] Check Pods Manifest.lock */,
				A11694B41F2CB269000B4062 /* ShellScript */,
				A116947F1F2CB20C000B4062 /* Sources */,
				A11694801F2CB20C000B4062 /* Frameworks */,
				A11694811F2CB20C000B4062 /* Resources */,
				8FFE87ED31733FC36B8A4CE2 /* [CP] Embed Pods Frameworks */,
				9A14EE7C7C36354C8855E8D6 /* [CP] Copy Pods Resources */,
			);
			buildRules = (
			);
			dependencies = (
			);
			name = Routus;
			productName = Routus;
			productReference = A11694831F2CB20C000B4062 /* Routus.app */;
			productType = "com.apple.product-type.application";
		};
		A11694961F2CB20C000B4062 /* RoutusTests */ = {
			isa = PBXNativeTarget;
			buildConfigurationList = A11694AE1F2CB20C000B4062 /* Build configuration list for PBXNativeTarget "RoutusTests" */;
			buildPhases = (
				A11694931F2CB20C000B4062 /* Sources */,
				A11694941F2CB20C000B4062 /* Frameworks */,
				A11694951F2CB20C000B4062 /* Resources */,
			);
			buildRules = (
			);
			dependencies = (
				A11694991F2CB20C000B4062 /* PBXTargetDependency */,
			);
			name = RoutusTests;
			productName = RoutusTests;
			productReference = A11694971F2CB20C000B4062 /* RoutusTests.xctest */;
			productType = "com.apple.product-type.bundle.unit-test";
		};
		A11694A11F2CB20C000B4062 /* RoutusUITests */ = {
			isa = PBXNativeTarget;
			buildConfigurationList = A11694B11F2CB20C000B4062 /* Build configuration list for PBXNativeTarget "RoutusUITests" */;
			buildPhases = (
				A116949E1F2CB20C000B4062 /* Sources */,
				A116949F1F2CB20C000B4062 /* Frameworks */,
				A11694A01F2CB20C000B4062 /* Resources */,
			);
			buildRules = (
			);
			dependencies = (
				A11694A41F2CB20C000B4062 /* PBXTargetDependency */,
			);
			name = RoutusUITests;
			productName = RoutusUITests;
			productReference = A11694A21F2CB20C000B4062 /* RoutusUITests.xctest */;
			productType = "com.apple.product-type.bundle.ui-testing";
		};
/* End PBXNativeTarget section */

/* Begin PBXProject section */
		A116947B1F2CB20C000B4062 /* Project object */ = {
			isa = PBXProject;
			attributes = {
				LastSwiftUpdateCheck = 0830;
				LastUpgradeCheck = 0830;
				ORGANIZATIONNAME = "Haehyeon Jeong";
				TargetAttributes = {
					A11694821F2CB20C000B4062 = {
						CreatedOnToolsVersion = 8.3.2;
						DevelopmentTeam = 594TR8CRP9;
						ProvisioningStyle = Automatic;
					};
					A11694961F2CB20C000B4062 = {
						CreatedOnToolsVersion = 8.3.2;
						ProvisioningStyle = Automatic;
						TestTargetID = A11694821F2CB20C000B4062;
					};
					A11694A11F2CB20C000B4062 = {
						CreatedOnToolsVersion = 8.3.2;
						ProvisioningStyle = Automatic;
						TestTargetID = A11694821F2CB20C000B4062;
					};
				};
			};
			buildConfigurationList = A116947E1F2CB20C000B4062 /* Build configuration list for PBXProject "Routus" */;
			compatibilityVersion = "Xcode 3.2";
			developmentRegion = English;
			hasScannedForEncodings = 0;
			knownRegions = (
				en,
				Base,
			);
			mainGroup = A116947A1F2CB20C000B4062;
			productRefGroup = A11694841F2CB20C000B4062 /* Products */;
			projectDirPath = "";
			projectRoot = "";
			targets = (
				A11694821F2CB20C000B4062 /* Routus */,
				A11694961F2CB20C000B4062 /* RoutusTests */,
				A11694A11F2CB20C000B4062 /* RoutusUITests */,
			);
		};
/* End PBXProject section */

/* Begin PBXResourcesBuildPhase section */
		A11694811F2CB20C000B4062 /* Resources */ = {
			isa = PBXResourcesBuildPhase;
			buildActionMask = 2147483647;
			files = (
				A11694911F2CB20C000B4062 /* LaunchScreen.storyboard in Resources */,
				A116948E1F2CB20C000B4062 /* Assets.xcassets in Resources */,
				A116948C1F2CB20C000B4062 /* RoutusMain.storyboard in Resources */,
			);
			runOnlyForDeploymentPostprocessing = 0;
		};
		A11694951F2CB20C000B4062 /* Resources */ = {
			isa = PBXResourcesBuildPhase;
			buildActionMask = 2147483647;
			files = (
			);
			runOnlyForDeploymentPostprocessing = 0;
		};
		A11694A01F2CB20C000B4062 /* Resources */ = {
			isa = PBXResourcesBuildPhase;
			buildActionMask = 2147483647;
			files = (
			);
			runOnlyForDeploymentPostprocessing = 0;
		};
/* End PBXResourcesBuildPhase section */

/* Begin PBXShellScriptBuildPhase section */
		8FFE87ED31733FC36B8A4CE2 /* [CP] Embed Pods Frameworks */ = {
			isa = PBXShellScriptBuildPhase;
			buildActionMask = 2147483647;
			files = (
			);
			inputPaths = (
			);
			name = "[CP] Embed Pods Frameworks";
			outputPaths = (
			);
			runOnlyForDeploymentPostprocessing = 0;
			shellPath = /bin/sh;
			shellScript = "\"${SRCROOT}/Pods/Target Support Files/Pods-Routus/Pods-Routus-frameworks.sh\"\n";
			showEnvVarsInLog = 0;
		};
		9A14EE7C7C36354C8855E8D6 /* [CP] Copy Pods Resources */ = {
			isa = PBXShellScriptBuildPhase;
			buildActionMask = 2147483647;
			files = (
			);
			inputPaths = (
			);
			name = "[CP] Copy Pods Resources";
			outputPaths = (
			);
			runOnlyForDeploymentPostprocessing = 0;
			shellPath = /bin/sh;
			shellScript = "\"${SRCROOT}/Pods/Target Support Files/Pods-Routus/Pods-Routus-resources.sh\"\n";
			showEnvVarsInLog = 0;
		};
		A11694B41F2CB269000B4062 /* ShellScript */ = {
			isa = PBXShellScriptBuildPhase;
			buildActionMask = 2147483647;
			files = (
			);
			inputPaths = (
			);
			outputPaths = (
			);
			runOnlyForDeploymentPostprocessing = 0;
			shellPath = /bin/sh;
			shellScript = "\"$PODS_ROOT/R.swift/rswift\" \"$SRCROOT\"\n";
		};
		B4FCC067B66CA1AF51CAE591 /* [CP] Check Pods Manifest.lock */ = {
			isa = PBXShellScriptBuildPhase;
			buildActionMask = 2147483647;
			files = (
			);
			inputPaths = (
			);
			name = "[CP] Check Pods Manifest.lock";
			outputPaths = (
			);
			runOnlyForDeploymentPostprocessing = 0;
			shellPath = /bin/sh;
			shellScript = "diff \"${PODS_PODFILE_DIR_PATH}/Podfile.lock\" \"${PODS_ROOT}/Manifest.lock\" > /dev/null\nif [ $? != 0 ] ; then\n    # print error to STDERR\n    echo \"error: The sandbox is not in sync with the Podfile.lock. Run 'pod install' or update your CocoaPods installation.\" >&2\n    exit 1\nfi\n";
			showEnvVarsInLog = 0;
		};
/* End PBXShellScriptBuildPhase section */

/* Begin PBXSourcesBuildPhase section */
		A116947F1F2CB20C000B4062 /* Sources */ = {
			isa = PBXSourcesBuildPhase;
			buildActionMask = 2147483647;
			files = (
				A120F86D1F30B6D3008E9E85 /* RoutusInteractor.swift in Sources */,
				A11694B91F2CB862000B4062 /* RootRouter.swift in Sources */,
				A11694891F2CB20C000B4062 /* RoutusMainViewController.swift in Sources */,
				A120F82B1F30A8F4008E9E85 /* RoutusPresenter.swift in Sources */,
				A120F8211F309EA2008E9E85 /* RoutusContract.swift in Sources */,
				A120F86A1F30B020008E9E85 /* Datas.swift in Sources */,
				A11694BD1F2CB981000B4062 /* RoutusRouter.swift in Sources */,
				A11694871F2CB20C000B4062 /* AppDelegate.swift in Sources */,
				A11694B61F2CB2FB000B4062 /* R.generated.swift in Sources */,
				A11694BB1F2CB8B6000B4062 /* RootContract.swift in Sources */,
			);
			runOnlyForDeploymentPostprocessing = 0;
		};
		A11694931F2CB20C000B4062 /* Sources */ = {
			isa = PBXSourcesBuildPhase;
			buildActionMask = 2147483647;
			files = (
				A116949C1F2CB20C000B4062 /* RoutusTests.swift in Sources */,
			);
			runOnlyForDeploymentPostprocessing = 0;
		};
		A116949E1F2CB20C000B4062 /* Sources */ = {
			isa = PBXSourcesBuildPhase;
			buildActionMask = 2147483647;
			files = (
				A11694A71F2CB20C000B4062 /* RoutusUITests.swift in Sources */,
			);
			runOnlyForDeploymentPostprocessing = 0;
		};
/* End PBXSourcesBuildPhase section */

/* Begin PBXTargetDependency section */
		A11694991F2CB20C000B4062 /* PBXTargetDependency */ = {
			isa = PBXTargetDependency;
			target = A11694821F2CB20C000B4062 /* Routus */;
			targetProxy = A11694981F2CB20C000B4062 /* PBXContainerItemProxy */;
		};
		A11694A41F2CB20C000B4062 /* PBXTargetDependency */ = {
			isa = PBXTargetDependency;
			target = A11694821F2CB20C000B4062 /* Routus */;
			targetProxy = A11694A31F2CB20C000B4062 /* PBXContainerItemProxy */;
		};
/* End PBXTargetDependency section */

/* Begin PBXVariantGroup section */
		A116948A1F2CB20C000B4062 /* RoutusMain.storyboard */ = {
			isa = PBXVariantGroup;
			children = (
				A116948B1F2CB20C000B4062 /* Base */,
			);
			name = RoutusMain.storyboard;
			sourceTree = "<group>";
		};
		A116948F1F2CB20C000B4062 /* LaunchScreen.storyboard */ = {
			isa = PBXVariantGroup;
			children = (
				A11694901F2CB20C000B4062 /* Base */,
			);
			name = LaunchScreen.storyboard;
			sourceTree = "<group>";
		};
/* End PBXVariantGroup section */

/* Begin XCBuildConfiguration section */
		A11694A91F2CB20C000B4062 /* Debug */ = {
			isa = XCBuildConfiguration;
			buildSettings = {
				ALWAYS_SEARCH_USER_PATHS = NO;
				CLANG_ANALYZER_NONNULL = YES;
				CLANG_ANALYZER_NUMBER_OBJECT_CONVERSION = YES_AGGRESSIVE;
				CLANG_CXX_LANGUAGE_STANDARD = "gnu++0x";
				CLANG_CXX_LIBRARY = "libc++";
				CLANG_ENABLE_MODULES = YES;
				CLANG_ENABLE_OBJC_ARC = YES;
				CLANG_WARN_BOOL_CONVERSION = YES;
				CLANG_WARN_CONSTANT_CONVERSION = YES;
				CLANG_WARN_DIRECT_OBJC_ISA_USAGE = YES_ERROR;
				CLANG_WARN_DOCUMENTATION_COMMENTS = YES;
				CLANG_WARN_EMPTY_BODY = YES;
				CLANG_WARN_ENUM_CONVERSION = YES;
				CLANG_WARN_INFINITE_RECURSION = YES;
				CLANG_WARN_INT_CONVERSION = YES;
				CLANG_WARN_OBJC_ROOT_CLASS = YES_ERROR;
				CLANG_WARN_SUSPICIOUS_MOVE = YES;
				CLANG_WARN_UNREACHABLE_CODE = YES;
				CLANG_WARN__DUPLICATE_METHOD_MATCH = YES;
				"CODE_SIGN_IDENTITY[sdk=iphoneos*]" = "iPhone Developer";
				COPY_PHASE_STRIP = NO;
				DEBUG_INFORMATION_FORMAT = dwarf;
				ENABLE_STRICT_OBJC_MSGSEND = YES;
				ENABLE_TESTABILITY = YES;
				GCC_C_LANGUAGE_STANDARD = gnu99;
				GCC_DYNAMIC_NO_PIC = NO;
				GCC_NO_COMMON_BLOCKS = YES;
				GCC_OPTIMIZATION_LEVEL = 0;
				GCC_PREPROCESSOR_DEFINITIONS = (
					"DEBUG=1",
					"$(inherited)",
				);
				GCC_WARN_64_TO_32_BIT_CONVERSION = YES;
				GCC_WARN_ABOUT_RETURN_TYPE = YES_ERROR;
				GCC_WARN_UNDECLARED_SELECTOR = YES;
				GCC_WARN_UNINITIALIZED_AUTOS = YES_AGGRESSIVE;
				GCC_WARN_UNUSED_FUNCTION = YES;
				GCC_WARN_UNUSED_VARIABLE = YES;
				IPHONEOS_DEPLOYMENT_TARGET = 10.3;
				MTL_ENABLE_DEBUG_INFO = YES;
				ONLY_ACTIVE_ARCH = YES;
				SDKROOT = iphoneos;
				SWIFT_ACTIVE_COMPILATION_CONDITIONS = DEBUG;
				SWIFT_OPTIMIZATION_LEVEL = "-Onone";
				TARGETED_DEVICE_FAMILY = "1,2";
			};
			name = Debug;
		};
		A11694AA1F2CB20C000B4062 /* Release */ = {
			isa = XCBuildConfiguration;
			buildSettings = {
				ALWAYS_SEARCH_USER_PATHS = NO;
				CLANG_ANALYZER_NONNULL = YES;
				CLANG_ANALYZER_NUMBER_OBJECT_CONVERSION = YES_AGGRESSIVE;
				CLANG_CXX_LANGUAGE_STANDARD = "gnu++0x";
				CLANG_CXX_LIBRARY = "libc++";
				CLANG_ENABLE_MODULES = YES;
				CLANG_ENABLE_OBJC_ARC = YES;
				CLANG_WARN_BOOL_CONVERSION = YES;
				CLANG_WARN_CONSTANT_CONVERSION = YES;
				CLANG_WARN_DIRECT_OBJC_ISA_USAGE = YES_ERROR;
				CLANG_WARN_DOCUMENTATION_COMMENTS = YES;
				CLANG_WARN_EMPTY_BODY = YES;
				CLANG_WARN_ENUM_CONVERSION = YES;
				CLANG_WARN_INFINITE_RECURSION = YES;
				CLANG_WARN_INT_CONVERSION = YES;
				CLANG_WARN_OBJC_ROOT_CLASS = YES_ERROR;
				CLANG_WARN_SUSPICIOUS_MOVE = YES;
				CLANG_WARN_UNREACHABLE_CODE = YES;
				CLANG_WARN__DUPLICATE_METHOD_MATCH = YES;
				"CODE_SIGN_IDENTITY[sdk=iphoneos*]" = "iPhone Developer";
				COPY_PHASE_STRIP = NO;
				DEBUG_INFORMATION_FORMAT = "dwarf-with-dsym";
				ENABLE_NS_ASSERTIONS = NO;
				ENABLE_STRICT_OBJC_MSGSEND = YES;
				GCC_C_LANGUAGE_STANDARD = gnu99;
				GCC_NO_COMMON_BLOCKS = YES;
				GCC_WARN_64_TO_32_BIT_CONVERSION = YES;
				GCC_WARN_ABOUT_RETURN_TYPE = YES_ERROR;
				GCC_WARN_UNDECLARED_SELECTOR = YES;
				GCC_WARN_UNINITIALIZED_AUTOS = YES_AGGRESSIVE;
				GCC_WARN_UNUSED_FUNCTION = YES;
				GCC_WARN_UNUSED_VARIABLE = YES;
				IPHONEOS_DEPLOYMENT_TARGET = 10.3;
				MTL_ENABLE_DEBUG_INFO = NO;
				SDKROOT = iphoneos;
				SWIFT_OPTIMIZATION_LEVEL = "-Owholemodule";
				TARGETED_DEVICE_FAMILY = "1,2";
				VALIDATE_PRODUCT = YES;
			};
			name = Release;
		};
		A11694AC1F2CB20C000B4062 /* Debug */ = {
			isa = XCBuildConfiguration;
			baseConfigurationReference = 9020AC994E405EE18880FEB6 /* Pods-Routus.debug.xcconfig */;
			buildSettings = {
				ASSETCATALOG_COMPILER_APPICON_NAME = AppIcon;
				DEVELOPMENT_TEAM = 594TR8CRP9;
				INFOPLIST_FILE = Routus/Info.plist;
				LD_RUNPATH_SEARCH_PATHS = "$(inherited) @executable_path/Frameworks";
				PRODUCT_BUNDLE_IDENTIFIER = jhh.Routus;
				PRODUCT_NAME = "$(TARGET_NAME)";
				SWIFT_VERSION = 3.0;
			};
			name = Debug;
		};
		A11694AD1F2CB20C000B4062 /* Release */ = {
			isa = XCBuildConfiguration;
			baseConfigurationReference = 3F4B3A0B1F9109268AD79A3D /* Pods-Routus.release.xcconfig */;
			buildSettings = {
				ASSETCATALOG_COMPILER_APPICON_NAME = AppIcon;
				DEVELOPMENT_TEAM = 594TR8CRP9;
				INFOPLIST_FILE = Routus/Info.plist;
				LD_RUNPATH_SEARCH_PATHS = "$(inherited) @executable_path/Frameworks";
				PRODUCT_BUNDLE_IDENTIFIER = jhh.Routus;
				PRODUCT_NAME = "$(TARGET_NAME)";
				SWIFT_VERSION = 3.0;
			};
			name = Release;
		};
		A11694AF1F2CB20C000B4062 /* Debug */ = {
			isa = XCBuildConfiguration;
			buildSettings = {
				ALWAYS_EMBED_SWIFT_STANDARD_LIBRARIES = YES;
				BUNDLE_LOADER = "$(TEST_HOST)";
				INFOPLIST_FILE = RoutusTests/Info.plist;
				LD_RUNPATH_SEARCH_PATHS = "$(inherited) @executable_path/Frameworks @loader_path/Frameworks";
				PRODUCT_BUNDLE_IDENTIFIER = jhh.RoutusTests;
				PRODUCT_NAME = "$(TARGET_NAME)";
				SWIFT_VERSION = 3.0;
				TEST_HOST = "$(BUILT_PRODUCTS_DIR)/Routus.app/Routus";
			};
			name = Debug;
		};
		A11694B01F2CB20C000B4062 /* Release */ = {
			isa = XCBuildConfiguration;
			buildSettings = {
				ALWAYS_EMBED_SWIFT_STANDARD_LIBRARIES = YES;
				BUNDLE_LOADER = "$(TEST_HOST)";
				INFOPLIST_FILE = RoutusTests/Info.plist;
				LD_RUNPATH_SEARCH_PATHS = "$(inherited) @executable_path/Frameworks @loader_path/Frameworks";
				PRODUCT_BUNDLE_IDENTIFIER = jhh.RoutusTests;
				PRODUCT_NAME = "$(TARGET_NAME)";
				SWIFT_VERSION = 3.0;
				TEST_HOST = "$(BUILT_PRODUCTS_DIR)/Routus.app/Routus";
			};
			name = Release;
		};
		A11694B21F2CB20C000B4062 /* Debug */ = {
			isa = XCBuildConfiguration;
			buildSettings = {
				ALWAYS_EMBED_SWIFT_STANDARD_LIBRARIES = YES;
				INFOPLIST_FILE = RoutusUITests/Info.plist;
				LD_RUNPATH_SEARCH_PATHS = "$(inherited) @executable_path/Frameworks @loader_path/Frameworks";
				PRODUCT_BUNDLE_IDENTIFIER = jhh.RoutusUITests;
				PRODUCT_NAME = "$(TARGET_NAME)";
				SWIFT_VERSION = 3.0;
				TEST_TARGET_NAME = Routus;
			};
			name = Debug;
		};
		A11694B31F2CB20C000B4062 /* Release */ = {
			isa = XCBuildConfiguration;
			buildSettings = {
				ALWAYS_EMBED_SWIFT_STANDARD_LIBRARIES = YES;
				INFOPLIST_FILE = RoutusUITests/Info.plist;
				LD_RUNPATH_SEARCH_PATHS = "$(inherited) @executable_path/Frameworks @loader_path/Frameworks";
				PRODUCT_BUNDLE_IDENTIFIER = jhh.RoutusUITests;
				PRODUCT_NAME = "$(TARGET_NAME)";
				SWIFT_VERSION = 3.0;
				TEST_TARGET_NAME = Routus;
			};
			name = Release;
		};
/* End XCBuildConfiguration section */

/* Begin XCConfigurationList section */
		A116947E1F2CB20C000B4062 /* Build configuration list for PBXProject "Routus" */ = {
			isa = XCConfigurationList;
			buildConfigurations = (
				A11694A91F2CB20C000B4062 /* Debug */,
				A11694AA1F2CB20C000B4062 /* Release */,
			);
			defaultConfigurationIsVisible = 0;
			defaultConfigurationName = Release;
		};
		A11694AB1F2CB20C000B4062 /* Build configuration list for PBXNativeTarget "Routus" */ = {
			isa = XCConfigurationList;
			buildConfigurations = (
				A11694AC1F2CB20C000B4062 /* Debug */,
				A11694AD1F2CB20C000B4062 /* Release */,
			);
			defaultConfigurationIsVisible = 0;
			defaultConfigurationName = Release;
		};
		A11694AE1F2CB20C000B4062 /* Build configuration list for PBXNativeTarget "RoutusTests" */ = {
			isa = XCConfigurationList;
			buildConfigurations = (
				A11694AF1F2CB20C000B4062 /* Debug */,
				A11694B01F2CB20C000B4062 /* Release */,
			);
			defaultConfigurationIsVisible = 0;
			defaultConfigurationName = Release;
		};
		A11694B11F2CB20C000B4062 /* Build configuration list for PBXNativeTarget "RoutusUITests" */ = {
			isa = XCConfigurationList;
			buildConfigurations = (
				A11694B21F2CB20C000B4062 /* Debug */,
				A11694B31F2CB20C000B4062 /* Release */,
			);
			defaultConfigurationIsVisible = 0;
			defaultConfigurationName = Release;
		};
/* End XCConfigurationList section */
	};
	rootObject = A116947B1F2CB20C000B4062 /* Project object */;
}
